{
  "name": "architecture",
  "version": "1.0.0",
  "lockfileVersion": 1,
  "requires": true,
  "dependencies": {
    "bson": {
      "version": "0.1.9",
      "resolved": "http://registry.npm.taobao.org/bson/download/bson-0.1.9.tgz",
      "integrity": "sha1-dSj4Htdw5tYwyowszfU5SkCW2xQ="
    },
    "objectid": {
      "version": "3.2.1",
      "resolved": "http://registry.npm.taobao.org/objectid/download/objectid-3.2.1.tgz",
      "integrity": "sha1-o7eitNZfOoNI74SX8CMGm1ywGd4=",
      "requires": {
        "bson": "0.1.9"
      }
    }
  }
}
