{
  "name": "es6",
  "version": "1.0.0",
  "lockfileVersion": 1,
  "requires": true,
  "dependencies": {
    "exdate": {
      "version": "0.0.4",
      "resolved": "http://registry.npm.taobao.org/exdate/download/exdate-0.0.4.tgz",
      "integrity": "sha1-cW2e1+uXwVgT0naGtK6rjbjWHh0="
    },
    "q": {
      "version": "1.5.1",
      "resolved": "http://registry.npm.taobao.org/q/download/q-1.5.1.tgz",
      "integrity": "sha1-fjL3W0E4EpHQRhHxvxQQmsAGUdc="
    },
    "qs": {
      "version": "6.5.1",
      "resolved": "http://registry.npm.taobao.org/qs/download/qs-6.5.1.tgz",
      "integrity": "sha1-NJzfbu+J7EXBLX1es/wMhwNDptg="
    }
  }
}
